# @generated by Move, please check-in and do not edit manually.

[move]
version = 0
manifest_digest = "4A93A5F69F73EC4EB2EE96870968683E39251362C39630C932D3AAB99CC0AD42"
deps_digest = "3C4103934B1E040BB6B23F1D610B4EF9F2F1166A50A104EADCF77467C004C600"

dependencies = [
  { name = "Sui" },
  { name = "sui_swap_utils" },
]

[[move.package]]
name = "MoveStdlib"
source = { git = "https://github.com/MystenLabs/sui.git", rev = "framework/testnet", subdir = "crates/sui-framework/packages/move-stdlib" }

[[move.package]]
name = "Sui"
source = { git = "https://github.com/MystenLabs/sui.git", rev = "framework/testnet", subdir = "crates/sui-framework/packages/sui-framework" }

dependencies = [
  { name = "MoveStdlib" },
]

[[move.package]]
name = "sui_swap_utils"
source = { local = "../utils" }

dependencies = [
  { name = "Sui" },
]
