# @generated by Move, please check-in and do not edit manually.

[move]
version = 0
manifest_digest = "7B51A3C6E820F9FB7F98B58A43BC498265576E97BC4377BADA2E40BED00FE456"
deps_digest = "060AD7E57DFB13104F21BE5F5C3759D03F0553FC3229247D9A7A6B45F50D03A3"

dependencies = [
  { name = "SmartInscription" },
  { name = "Sui" },
  { name = "sui_swap_example" },
]

[[move.package]]
name = "MoveStdlib"
source = { git = "https://github.com/MystenLabs/sui.git", rev = "framework/testnet", subdir = "crates/sui-framework/packages/move-stdlib" }

[[move.package]]
name = "SmartInscription"
source = { local = "../../../../movescriptions/movescriptions/sui" }

dependencies = [
  { name = "Sui" },
]

[[move.package]]
name = "Sui"
source = { git = "https://github.com/MystenLabs/sui.git", rev = "framework/testnet", subdir = "crates/sui-framework/packages/sui-framework" }

dependencies = [
  { name = "MoveStdlib" },
]

[[move.package]]
name = "sui_swap_example"
source = { local = "../core" }

dependencies = [
  { name = "Sui" },
]

[move.toolchain-version]
compiler-version = "1.17.3"
edition = "legacy"
flavor = "sui"
