# @generated by Move, please check-in and do not edit manually.

[move]
version = 0
manifest_digest = "E544EF7BFBDD996FA1F33227E97EF0D36C552BADC50BF4459FC1862AE28CA850"
deps_digest = "060AD7E57DFB13104F21BE5F5C3759D03F0553FC3229247D9A7A6B45F50D03A3"

dependencies = [
  { name = "SmartInscription" },
  { name = "Sui" },
  { name = "sui_swap_example" },
]

[[move.package]]
name = "MoveStdlib"
source = { git = "https://github.com/MystenLabs/sui.git", rev = "framework/mainnet", subdir = "crates/sui-framework/packages/move-stdlib" }

[[move.package]]
name = "SmartInscription"
source = { local = "../../../../movescriptions/movescriptions/sui" }

dependencies = [
  { name = "Sui" },
]

[[move.package]]
name = "Sui"
source = { git = "https://github.com/MystenLabs/sui.git", rev = "framework/mainnet", subdir = "crates/sui-framework/packages/sui-framework" }

dependencies = [
  { name = "MoveStdlib" },
]

[[move.package]]
name = "sui_swap_example"
source = { local = "../core" }

dependencies = [
  { name = "Sui" },
]
