# @generated by Move, please check-in and do not edit manually.

[move]
version = 0
manifest_digest = "D27F979C8CBD60315D9F437EE6AA87C212BA6B2715D5EE8E19F558A03C2CFFB3"
deps_digest = "397E6A9F7A624706DBDFEE056CE88391A15876868FD18A88504DA74EB458D697"

dependencies = [
  { name = "SmartInscription" },
  { name = "Sui" },
  { name = "nft_service_impl" },
  { name = "sui_swap_core" },
  { name = "sui_swap_utils" },
]

[[move.package]]
name = "MoveStdlib"
source = { git = "https://github.com/MystenLabs/sui.git", rev = "framework/testnet", subdir = "crates/sui-framework/packages/move-stdlib" }

[[move.package]]
name = "SmartInscription"
source = { local = "../../../../movescriptions/movescriptions/sui" }

dependencies = [
  { name = "Sui" },
]

[[move.package]]
name = "Sui"
source = { git = "https://github.com/MystenLabs/sui.git", rev = "framework/testnet", subdir = "crates/sui-framework/packages/sui-framework" }

dependencies = [
  { name = "MoveStdlib" },
]

[[move.package]]
name = "nft_service_impl"
source = { local = "../nft-service-impl" }

dependencies = [
  { name = "SmartInscription" },
  { name = "Sui" },
  { name = "sui_swap_core" },
  { name = "sui_swap_utils" },
]

[[move.package]]
name = "sui_swap_core"
source = { local = "../core" }

dependencies = [
  { name = "Sui" },
  { name = "sui_swap_utils" },
]

[[move.package]]
name = "sui_swap_utils"
source = { local = "../utils" }

dependencies = [
  { name = "Sui" },
]

[move.toolchain-version]
compiler-version = "1.17.3"
edition = "legacy"
flavor = "sui"
