# @generated by Move, please check-in and do not edit manually.

[move]
version = 0
manifest_digest = "8ED080F25D5060C117318FF005DB6673A6B5D5F4C02160D460F7937EB923B6BC"
deps_digest = "F9B494B64F0615AED0E98FC12A85B85ECD2BC5185C22D30E7F67786BB52E507C"

dependencies = [
  { name = "Sui" },
  { name = "nft_service_impl" },
  { name = "sui_swap_core" },
  { name = "sui_swap_utils" },
]

[[move.package]]
name = "MoveStdlib"
source = { git = "https://github.com/MystenLabs/sui.git", rev = "framework/testnet", subdir = "crates/sui-framework/packages/move-stdlib" }

[[move.package]]
name = "Sui"
source = { git = "https://github.com/MystenLabs/sui.git", rev = "framework/testnet", subdir = "crates/sui-framework/packages/sui-framework" }

dependencies = [
  { name = "MoveStdlib" },
]

[[move.package]]
name = "example_tokens"
source = { local = "../example_tokens" }

dependencies = [
  { name = "Sui" },
]

[[move.package]]
name = "nft_service_impl"
source = { local = "../nft-service-impl" }

dependencies = [
  { name = "Sui" },
  { name = "example_tokens" },
  { name = "sui_swap_core" },
  { name = "sui_swap_utils" },
]

[[move.package]]
name = "sui_swap_core"
source = { local = "../core" }

dependencies = [
  { name = "Sui" },
  { name = "sui_swap_utils" },
]

[[move.package]]
name = "sui_swap_utils"
source = { local = "../utils" }

dependencies = [
  { name = "Sui" },
]

[move.toolchain-version]
compiler-version = "1.22.0"
edition = "legacy"
flavor = "sui"
