# @generated by Move, please check-in and do not edit manually.

[move]
version = 0
manifest_digest = "8D44434DC535569FC3E74D965C083A25CE1D803D8E2D60C7A7C339F119A1AA55"
deps_digest = "F9B494B64F0615AED0E98FC12A85B85ECD2BC5185C22D30E7F67786BB52E507C"

dependencies = [
  { name = "SmartInscription" },
  { name = "Sui" },
  { name = "nft_service_impl" },
  { name = "sui_swap_example" },
]

[[move.package]]
name = "MoveStdlib"
source = { git = "https://github.com/MystenLabs/sui.git", rev = "framework/testnet", subdir = "crates/sui-framework/packages/move-stdlib" }

[[move.package]]
name = "SmartInscription"
source = { local = "../../../../movescriptions/movescriptions/sui" }

dependencies = [
  { name = "Sui" },
]

[[move.package]]
name = "Sui"
source = { git = "https://github.com/MystenLabs/sui.git", rev = "framework/testnet", subdir = "crates/sui-framework/packages/sui-framework" }

dependencies = [
  { name = "MoveStdlib" },
]

[[move.package]]
name = "nft_service_impl"
source = { local = "../nft-service-impl" }

dependencies = [
  { name = "SmartInscription" },
  { name = "Sui" },
  { name = "sui_swap_example" },
]

[[move.package]]
name = "sui_swap_example"
source = { local = "../core" }

dependencies = [
  { name = "Sui" },
]

[move.toolchain-version]
compiler-version = "1.17.3"
edition = "legacy"
flavor = "sui"
